
Microsoft Visual Studio Solution File, Format Version 12.00
# Visual Studio Version 17
VisualStudioVersion = 17.7.34024.191
MinimumVisualStudioVersion = 10.0.40219.1
Project("{9A19103F-16F7-4668-BE54-9A1E7A4F7556}") = "MarketPlace.Web", "MarketPlace.Web\MarketPlace.Web.csproj", "{FC4FDE94-BB40-4733-BAB4-A76898989DD0}"
EndProject
Project("{FAE04EC0-301F-11D3-BF4B-00C04F79EFBC}") = "MarketPlace.App", "MarketPlace.App\MarketPlace.App.csproj", "{5DC0220D-016F-4BAC-8DE7-19E10098682C}"
EndProject
Project("{FAE04EC0-301F-11D3-BF4B-00C04F79EFBC}") = "MarketPlace.Data", "MarketPlace.Data\MarketPlace.Data.csproj", "{1BA750ED-E878-4BD8-AED4-3EE868B18172}"
EndProject
Global
	GlobalSection(SolutionConfigurationPlatforms) = preSolution
		Debug|Any CPU = Debug|Any CPU
		Release|Any CPU = Release|Any CPU
	EndGlobalSection
	GlobalSection(ProjectConfigurationPlatforms) = postSolution
		{FC4FDE94-BB40-4733-BAB4-A76898989DD0}.Debug|Any CPU.ActiveCfg = Debug|Any CPU
		{FC4FDE94-BB40-4733-BAB4-A76898989DD0}.Debug|Any CPU.Build.0 = Debug|Any CPU
		{FC4FDE94-BB40-4733-BAB4-A76898989DD0}.Release|Any CPU.ActiveCfg = Release|Any CPU
		{FC4FDE94-BB40-4733-BAB4-A76898989DD0}.Release|Any CPU.Build.0 = Release|Any CPU
		{5DC0220D-016F-4BAC-8DE7-19E10098682C}.Debug|Any CPU.ActiveCfg = Debug|Any CPU
		{5DC0220D-016F-4BAC-8DE7-19E10098682C}.Debug|Any CPU.Build.0 = Debug|Any CPU
		{5DC0220D-016F-4BAC-8DE7-19E10098682C}.Release|Any CPU.ActiveCfg = Release|Any CPU
		{5DC0220D-016F-4BAC-8DE7-19E10098682C}.Release|Any CPU.Build.0 = Release|Any CPU
		{1BA750ED-E878-4BD8-AED4-3EE868B18172}.Debug|Any CPU.ActiveCfg = Debug|Any CPU
		{1BA750ED-E878-4BD8-AED4-3EE868B18172}.Debug|Any CPU.Build.0 = Debug|Any CPU
		{1BA750ED-E878-4BD8-AED4-3EE868B18172}.Release|Any CPU.ActiveCfg = Release|Any CPU
		{1BA750ED-E878-4BD8-AED4-3EE868B18172}.Release|Any CPU.Build.0 = Release|Any CPU
	EndGlobalSection
	GlobalSection(SolutionProperties) = preSolution
		HideSolutionNode = FALSE
	EndGlobalSection
	GlobalSection(ExtensibilityGlobals) = postSolution
		SolutionGuid = {DFE0DDA1-BFFA-430A-AC22-E9DBC51B73A1}
	EndGlobalSection
EndGlobal
